
Microsoft Visual Studio Solution File, Format Version 12.00
# Visual Studio Version 17
VisualStudioVersion = 17.7.34009.444
MinimumVisualStudioVersion = 10.0.40219.1
Project("{888888A0-9F3D-457C-B088-3A5042F75D52}") = "Ctrl-q", "Ctrl-q\Ctrl-q.pyproj", "{D366BE96-5E41-403E-98DB-A290A8789EBC}"
EndProject
Global
	GlobalSection(SolutionConfigurationPlatforms) = preSolution
		Debug|Any CPU = Debug|Any CPU
		Release|Any CPU = Release|Any CPU
	EndGlobalSection
	GlobalSection(ProjectConfigurationPlatforms) = postSolution
		{D366BE96-5E41-403E-98DB-A290A8789EBC}.Debug|Any CPU.ActiveCfg = Debug|Any CPU
		{D366BE96-5E41-403E-98DB-A290A8789EBC}.Release|Any CPU.ActiveCfg = Release|Any CPU
	EndGlobalSection
	GlobalSection(SolutionProperties) = preSolution
		HideSolutionNode = FALSE
	EndGlobalSection
	GlobalSection(ExtensibilityGlobals) = postSolution
		SolutionGuid = {86018035-5DFC-456A-A164-E4555D555B6C}
	EndGlobalSection
EndGlobal
